// !$*UTF8*$!
{
	archiveVersion = 1;
	classes = {
	};
	objectVersion = 46;
	objects = {

/* Begin PBXBuildFile section */
		BE06F0E416912FDB00384319 /* bnicon copy.png in Resources */ = {isa = PBXBuildFile; fileRef = BE06F0E316912FDB00384319 /* bnicon copy.png */; };
		BE06F0E616912FE200384319 /* bnicon.png in Resources */ = {isa = PBXBuildFile; fileRef = BE06F0E516912FE200384319 /* bnicon.png */; };
		BE0CFA111687614B003A9A42 /* ProductListFlowLayout.m in Sources */ = {isa = PBXBuildFile; fileRef = BE0CFA101687614B003A9A42 /* ProductListFlowLayout.m */; };
		BE0CFA14168781A2003A9A42 /* QuartzCore.framework in Frameworks */ = {isa = PBXBuildFile; fileRef = BE0CFA13168781A2003A9A42 /* QuartzCore.framework */; };
		BE94E4B61676AE4C00F0197C /* UIKit.framework in Frameworks */ = {isa = PBXBuildFile; fileRef = BE94E4B51676AE4C00F0197C /* UIKit.framework */; };
		BE94E4B81676AE4C00F0197C /* Foundation.framework in Frameworks */ = {isa = PBXBuildFile; fileRef = BE94E4B71676AE4C00F0197C /* Foundation.framework */; };
		BE94E4BA1676AE4C00F0197C /* CoreGraphics.framework in Frameworks */ = {isa = PBXBuildFile; fileRef = BE94E4B91676AE4C00F0197C /* CoreGraphics.framework */; };
		BE94E4C01676AE4C00F0197C /* InfoPlist.strings in Resources */ = {isa = PBXBuildFile; fileRef = BE94E4BE1676AE4C00F0197C /* InfoPlist.strings */; };
		BE94E4C21676AE4C00F0197C /* main.m in Sources */ = {isa = PBXBuildFile; fileRef = BE94E4C11676AE4C00F0197C /* main.m */; };
		BE94E4C61676AE4C00F0197C /* AppDelegate.m in Sources */ = {isa = PBXBuildFile; fileRef = BE94E4C51676AE4C00F0197C /* AppDelegate.m */; };
		BE94E4C81676AE4C00F0197C /* Default.png in Resources */ = {isa = PBXBuildFile; fileRef = BE94E4C71676AE4C00F0197C /* Default.png */; };
		BE94E4CA1676AE4C00F0197C /* Default@2x.png in Resources */ = {isa = PBXBuildFile; fileRef = BE94E4C91676AE4C00F0197C /* Default@2x.png */; };
		BE94E4CC1676AE4C00F0197C /* Default-568h@2x.png in Resources */ = {isa = PBXBuildFile; fileRef = BE94E4CB1676AE4C00F0197C /* Default-568h@2x.png */; };
		BE94E4CF1676AE4C00F0197C /* MainStoryboard.storyboard in Resources */ = {isa = PBXBuildFile; fileRef = BE94E4CD1676AE4C00F0197C /* MainStoryboard.storyboard */; };
		BE94E4DA1676AE8600F0197C /* ProductListViewController.m in Sources */ = {isa = PBXBuildFile; fileRef = BE94E4D91676AE8600F0197C /* ProductListViewController.m */; };
		BE94E4DD1676AE9200F0197C /* ProductDetailViewController.m in Sources */ = {isa = PBXBuildFile; fileRef = BE94E4DC1676AE9200F0197C /* ProductDetailViewController.m */; };
		BE94E4E01676C58300F0197C /* ProductCollectionViewCell.m in Sources */ = {isa = PBXBuildFile; fileRef = BE94E4DF1676C58300F0197C /* ProductCollectionViewCell.m */; };
		BE96F74A1683F34B0080C42A /* AFHTTPClient.m in Sources */ = {isa = PBXBuildFile; fileRef = BE96F7361683F34B0080C42A /* AFHTTPClient.m */; settings = {COMPILER_FLAGS = "-fno-objc-arc"; }; };
		BE96F74B1683F34B0080C42A /* AFHTTPRequestOperation.m in Sources */ = {isa = PBXBuildFile; fileRef = BE96F7381683F34B0080C42A /* AFHTTPRequestOperation.m */; settings = {COMPILER_FLAGS = "-fno-objc-arc"; }; };
		BE96F74C1683F34B0080C42A /* AFImageRequestOperation.m in Sources */ = {isa = PBXBuildFile; fileRef = BE96F73A1683F34B0080C42A /* AFImageRequestOperation.m */; settings = {COMPILER_FLAGS = "-fno-objc-arc"; }; };
		BE96F74D1683F34B0080C42A /* AFJSONRequestOperation.m in Sources */ = {isa = PBXBuildFile; fileRef = BE96F73C1683F34B0080C42A /* AFJSONRequestOperation.m */; settings = {COMPILER_FLAGS = "-fno-objc-arc"; }; };
		BE96F74E1683F34B0080C42A /* AFJSONUtilities.m in Sources */ = {isa = PBXBuildFile; fileRef = BE96F73E1683F34B0080C42A /* AFJSONUtilities.m */; settings = {COMPILER_FLAGS = "-fno-objc-arc"; }; };
		BE96F74F1683F34B0080C42A /* AFNetworkActivityIndicatorManager.m in Sources */ = {isa = PBXBuildFile; fileRef = BE96F7401683F34B0080C42A /* AFNetworkActivityIndicatorManager.m */; settings = {COMPILER_FLAGS = "-fno-objc-arc"; }; };
		BE96F7501683F34B0080C42A /* AFPropertyListRequestOperation.m in Sources */ = {isa = PBXBuildFile; fileRef = BE96F7431683F34B0080C42A /* AFPropertyListRequestOperation.m */; settings = {COMPILER_FLAGS = "-fno-objc-arc"; }; };
		BE96F7511683F34B0080C42A /* AFURLConnectionOperation.m in Sources */ = {isa = PBXBuildFile; fileRef = BE96F7451683F34B0080C42A /* AFURLConnectionOperation.m */; settings = {COMPILER_FLAGS = "-fno-objc-arc"; }; };
		BE96F7521683F34B0080C42A /* AFXMLRequestOperation.m in Sources */ = {isa = PBXBuildFile; fileRef = BE96F7471683F34B0080C42A /* AFXMLRequestOperation.m */; settings = {COMPILER_FLAGS = "-fno-objc-arc"; }; };
		BE96F7531683F34B0080C42A /* UIImageView+AFNetworking.m in Sources */ = {isa = PBXBuildFile; fileRef = BE96F7491683F34B0080C42A /* UIImageView+AFNetworking.m */; settings = {COMPILER_FLAGS = "-fno-objc-arc"; }; };
		BE96F7571683F3B00080C42A /* Constants.m in Sources */ = {isa = PBXBuildFile; fileRef = BE96F7561683F3B00080C42A /* Constants.m */; };
		BEDCC67D16A1DE5F0023B015 /* PSTCollectionView.m in Sources */ = {isa = PBXBuildFile; fileRef = BEDCC66516A1DE5F0023B015 /* PSTCollectionView.m */; };
		BEDCC67E16A1DE5F0023B015 /* PSTCollectionViewCell.m in Sources */ = {isa = PBXBuildFile; fileRef = BEDCC66716A1DE5F0023B015 /* PSTCollectionViewCell.m */; };
		BEDCC67F16A1DE5F0023B015 /* PSTCollectionViewController.m in Sources */ = {isa = PBXBuildFile; fileRef = BEDCC66A16A1DE5F0023B015 /* PSTCollectionViewController.m */; };
		BEDCC68016A1DE5F0023B015 /* PSTCollectionViewData.m in Sources */ = {isa = PBXBuildFile; fileRef = BEDCC66C16A1DE5F0023B015 /* PSTCollectionViewData.m */; };
		BEDCC68116A1DE5F0023B015 /* PSTCollectionViewFlowLayout.m in Sources */ = {isa = PBXBuildFile; fileRef = BEDCC66E16A1DE5F0023B015 /* PSTCollectionViewFlowLayout.m */; };
		BEDCC68216A1DE5F0023B015 /* PSTCollectionViewItemKey.m in Sources */ = {isa = PBXBuildFile; fileRef = BEDCC67016A1DE5F0023B015 /* PSTCollectionViewItemKey.m */; };
		BEDCC68316A1DE5F0023B015 /* PSTCollectionViewLayout.m in Sources */ = {isa = PBXBuildFile; fileRef = BEDCC67216A1DE5F0023B015 /* PSTCollectionViewLayout.m */; };
		BEDCC68416A1DE5F0023B015 /* PSTCollectionViewUpdateItem.m in Sources */ = {isa = PBXBuildFile; fileRef = BEDCC67416A1DE5F0023B015 /* PSTCollectionViewUpdateItem.m */; };
		BEDCC68516A1DE5F0023B015 /* PSTGridLayoutInfo.m in Sources */ = {isa = PBXBuildFile; fileRef = BEDCC67616A1DE5F0023B015 /* PSTGridLayoutInfo.m */; };
		BEDCC68616A1DE5F0023B015 /* PSTGridLayoutItem.m in Sources */ = {isa = PBXBuildFile; fileRef = BEDCC67816A1DE5F0023B015 /* PSTGridLayoutItem.m */; };
		BEDCC68716A1DE5F0023B015 /* PSTGridLayoutRow.m in Sources */ = {isa = PBXBuildFile; fileRef = BEDCC67A16A1DE5F0023B015 /* PSTGridLayoutRow.m */; };
		BEDCC68816A1DE5F0023B015 /* PSTGridLayoutSection.m in Sources */ = {isa = PBXBuildFile; fileRef = BEDCC67C16A1DE5F0023B015 /* PSTGridLayoutSection.m */; };
		BEDCC68A16A1DF600023B015 /* DejalActivityView.m in Sources */ = {isa = PBXBuildFile; fileRef = BE0ADCCD16A1DB45000F3131 /* DejalActivityView.m */; };
/* End PBXBuildFile section */

/* Begin PBXFileReference section */
		BE06F0E316912FDB00384319 /* bnicon copy.png */ = {isa = PBXFileReference; lastKnownFileType = image.png; name = "bnicon copy.png"; path = "../bnicon copy.png"; sourceTree = "<group>"; };
		BE06F0E516912FE200384319 /* bnicon.png */ = {isa = PBXFileReference; lastKnownFileType = image.png; name = bnicon.png; path = ../bnicon.png; sourceTree = "<group>"; };
		BE0ADCCC16A1DB45000F3131 /* DejalActivityView.h */ = {isa = PBXFileReference; lastKnownFileType = sourcecode.c.h; path = DejalActivityView.h; sourceTree = "<group>"; };
		BE0ADCCD16A1DB45000F3131 /* DejalActivityView.m */ = {isa = PBXFileReference; lastKnownFileType = sourcecode.c.objc; path = DejalActivityView.m; sourceTree = "<group>"; };
		BE0CFA0F1687614B003A9A42 /* ProductListFlowLayout.h */ = {isa = PBXFileReference; fileEncoding = 4; lastKnownFileType = sourcecode.c.h; path = ProductListFlowLayout.h; sourceTree = "<group>"; };
		BE0CFA101687614B003A9A42 /* ProductListFlowLayout.m */ = {isa = PBXFileReference; fileEncoding = 4; lastKnownFileType = sourcecode.c.objc; path = ProductListFlowLayout.m; sourceTree = "<group>"; };
		BE0CFA13168781A2003A9A42 /* QuartzCore.framework */ = {isa = PBXFileReference; lastKnownFileType = wrapper.framework; name = QuartzCore.framework; path = System/Library/Frameworks/QuartzCore.framework; sourceTree = SDKROOT; };
		BE94E4B11676AE4C00F0197C /* HoboNinja.app */ = {isa = PBXFileReference; explicitFileType = wrapper.application; includeInIndex = 0; path = HoboNinja.app; sourceTree = BUILT_PRODUCTS_DIR; };
		BE94E4B51676AE4C00F0197C /* UIKit.framework */ = {isa = PBXFileReference; lastKnownFileType = wrapper.framework; name = UIKit.framework; path = System/Library/Frameworks/UIKit.framework; sourceTree = SDKROOT; };
		BE94E4B71676AE4C00F0197C /* Foundation.framework */ = {isa = PBXFileReference; lastKnownFileType = wrapper.framework; name = Foundation.framework; path = System/Library/Frameworks/Foundation.framework; sourceTree = SDKROOT; };
		BE94E4B91676AE4C00F0197C /* CoreGraphics.framework */ = {isa = PBXFileReference; lastKnownFileType = wrapper.framework; name = CoreGraphics.framework; path = System/Library/Frameworks/CoreGraphics.framework; sourceTree = SDKROOT; };
		BE94E4BD1676AE4C00F0197C /* HoboNinja-Info.plist */ = {isa = PBXFileReference; lastKnownFileType = text.plist.xml; path = "HoboNinja-Info.plist"; sourceTree = "<group>"; };
		BE94E4BF1676AE4C00F0197C /* en */ = {isa = PBXFileReference; lastKnownFileType = text.plist.strings; name = en; path = en.lproj/InfoPlist.strings; sourceTree = "<group>"; };
		BE94E4C11676AE4C00F0197C /* main.m */ = {isa = PBXFileReference; lastKnownFileType = sourcecode.c.objc; path = main.m; sourceTree = "<group>"; };
		BE94E4C31676AE4C00F0197C /* HoboNinja-Prefix.pch */ = {isa = PBXFileReference; lastKnownFileType = sourcecode.c.h; path = "HoboNinja-Prefix.pch"; sourceTree = "<group>"; };
		BE94E4C41676AE4C00F0197C /* AppDelegate.h */ = {isa = PBXFileReference; lastKnownFileType = sourcecode.c.h; path = AppDelegate.h; sourceTree = "<group>"; };
		BE94E4C51676AE4C00F0197C /* AppDelegate.m */ = {isa = PBXFileReference; lastKnownFileType = sourcecode.c.objc; path = AppDelegate.m; sourceTree = "<group>"; };
		BE94E4C71676AE4C00F0197C /* Default.png */ = {isa = PBXFileReference; lastKnownFileType = image.png; path = Default.png; sourceTree = "<group>"; };
		BE94E4C91676AE4C00F0197C /* Default@2x.png */ = {isa = PBXFileReference; lastKnownFileType = image.png; path = "Default@2x.png"; sourceTree = "<group>"; };
		BE94E4CB1676AE4C00F0197C /* Default-568h@2x.png */ = {isa = PBXFileReference; lastKnownFileType = image.png; path = "Default-568h@2x.png"; sourceTree = "<group>"; };
		BE94E4CE1676AE4C00F0197C /* en */ = {isa = PBXFileReference; lastKnownFileType = file.storyboard; name = en; path = en.lproj/MainStoryboard.storyboard; sourceTree = "<group>"; };
		BE94E4D81676AE8600F0197C /* ProductListViewController.h */ = {isa = PBXFileReference; fileEncoding = 4; lastKnownFileType = sourcecode.c.h; path = ProductListViewController.h; sourceTree = "<group>"; };
		BE94E4D91676AE8600F0197C /* ProductListViewController.m */ = {isa = PBXFileReference; fileEncoding = 4; lastKnownFileType = sourcecode.c.objc; path = ProductListViewController.m; sourceTree = "<group>"; };
		BE94E4DB1676AE9200F0197C /* ProductDetailViewController.h */ = {isa = PBXFileReference; fileEncoding = 4; lastKnownFileType = sourcecode.c.h; path = ProductDetailViewController.h; sourceTree = "<group>"; };
		BE94E4DC1676AE9200F0197C /* ProductDetailViewController.m */ = {isa = PBXFileReference; fileEncoding = 4; lastKnownFileType = sourcecode.c.objc; path = ProductDetailViewController.m; sourceTree = "<group>"; };
		BE94E4DE1676C58300F0197C /* ProductCollectionViewCell.h */ = {isa = PBXFileReference; fileEncoding = 4; lastKnownFileType = sourcecode.c.h; path = ProductCollectionViewCell.h; sourceTree = "<group>"; };
		BE94E4DF1676C58300F0197C /* ProductCollectionViewCell.m */ = {isa = PBXFileReference; fileEncoding = 4; lastKnownFileType = sourcecode.c.objc; path = ProductCollectionViewCell.m; sourceTree = "<group>"; };
		BE96F7351683F34B0080C42A /* AFHTTPClient.h */ = {isa = PBXFileReference; fileEncoding = 4; lastKnownFileType = sourcecode.c.h; path = AFHTTPClient.h; sourceTree = "<group>"; };
		BE96F7361683F34B0080C42A /* AFHTTPClient.m */ = {isa = PBXFileReference; fileEncoding = 4; lastKnownFileType = sourcecode.c.objc; path = AFHTTPClient.m; sourceTree = "<group>"; };
		BE96F7371683F34B0080C42A /* AFHTTPRequestOperation.h */ = {isa = PBXFileReference; fileEncoding = 4; lastKnownFileType = sourcecode.c.h; path = AFHTTPRequestOperation.h; sourceTree = "<group>"; };
		BE96F7381683F34B0080C42A /* AFHTTPRequestOperation.m */ = {isa = PBXFileReference; fileEncoding = 4; lastKnownFileType = sourcecode.c.objc; path = AFHTTPRequestOperation.m; sourceTree = "<group>"; };
		BE96F7391683F34B0080C42A /* AFImageRequestOperation.h */ = {isa = PBXFileReference; fileEncoding = 4; lastKnownFileType = sourcecode.c.h; path = AFImageRequestOperation.h; sourceTree = "<group>"; };
		BE96F73A1683F34B0080C42A /* AFImageRequestOperation.m */ = {isa = PBXFileReference; fileEncoding = 4; lastKnownFileType = sourcecode.c.objc; path = AFImageRequestOperation.m; sourceTree = "<group>"; };
		BE96F73B1683F34B0080C42A /* AFJSONRequestOperation.h */ = {isa = PBXFileReference; fileEncoding = 4; lastKnownFileType = sourcecode.c.h; path = AFJSONRequestOperation.h; sourceTree = "<group>"; };
		BE96F73C1683F34B0080C42A /* AFJSONRequestOperation.m */ = {isa = PBXFileReference; fileEncoding = 4; lastKnownFileType = sourcecode.c.objc; path = AFJSONRequestOperation.m; sourceTree = "<group>"; };
		BE96F73D1683F34B0080C42A /* AFJSONUtilities.h */ = {isa = PBXFileReference; fileEncoding = 4; lastKnownFileType = sourcecode.c.h; path = AFJSONUtilities.h; sourceTree = "<group>"; };
		BE96F73E1683F34B0080C42A /* AFJSONUtilities.m */ = {isa = PBXFileReference; fileEncoding = 4; lastKnownFileType = sourcecode.c.objc; path = AFJSONUtilities.m; sourceTree = "<group>"; };
		BE96F73F1683F34B0080C42A /* AFNetworkActivityIndicatorManager.h */ = {isa = PBXFileReference; fileEncoding = 4; lastKnownFileType = sourcecode.c.h; path = AFNetworkActivityIndicatorManager.h; sourceTree = "<group>"; };
		BE96F7401683F34B0080C42A /* AFNetworkActivityIndicatorManager.m */ = {isa = PBXFileReference; fileEncoding = 4; lastKnownFileType = sourcecode.c.objc; path = AFNetworkActivityIndicatorManager.m; sourceTree = "<group>"; };
		BE96F7411683F34B0080C42A /* AFNetworking.h */ = {isa = PBXFileReference; fileEncoding = 4; lastKnownFileType = sourcecode.c.h; path = AFNetworking.h; sourceTree = "<group>"; };
		BE96F7421683F34B0080C42A /* AFPropertyListRequestOperation.h */ = {isa = PBXFileReference; fileEncoding = 4; lastKnownFileType = sourcecode.c.h; path = AFPropertyListRequestOperation.h; sourceTree = "<group>"; };
		BE96F7431683F34B0080C42A /* AFPropertyListRequestOperation.m */ = {isa = PBXFileReference; fileEncoding = 4; lastKnownFileType = sourcecode.c.objc; path = AFPropertyListRequestOperation.m; sourceTree = "<group>"; };
		BE96F7441683F34B0080C42A /* AFURLConnectionOperation.h */ = {isa = PBXFileReference; fileEncoding = 4; lastKnownFileType = sourcecode.c.h; path = AFURLConnectionOperation.h; sourceTree = "<group>"; };
		BE96F7451683F34B0080C42A /* AFURLConnectionOperation.m */ = {isa = PBXFileReference; fileEncoding = 4; lastKnownFileType = sourcecode.c.objc; path = AFURLConnectionOperation.m; sourceTree = "<group>"; };
		BE96F7461683F34B0080C42A /* AFXMLRequestOperation.h */ = {isa = PBXFileReference; fileEncoding = 4; lastKnownFileType = sourcecode.c.h; path = AFXMLRequestOperation.h; sourceTree = "<group>"; };
		BE96F7471683F34B0080C42A /* AFXMLRequestOperation.m */ = {isa = PBXFileReference; fileEncoding = 4; lastKnownFileType = sourcecode.c.objc; path = AFXMLRequestOperation.m; sourceTree = "<group>"; };
		BE96F7481683F34B0080C42A /* UIImageView+AFNetworking.h */ = {isa = PBXFileReference; fileEncoding = 4; lastKnownFileType = sourcecode.c.h; path = "UIImageView+AFNetworking.h"; sourceTree = "<group>"; };
		BE96F7491683F34B0080C42A /* UIImageView+AFNetworking.m */ = {isa = PBXFileReference; fileEncoding = 4; lastKnownFileType = sourcecode.c.objc; path = "UIImageView+AFNetworking.m"; sourceTree = "<group>"; };
		BE96F7551683F3B00080C42A /* Constants.h */ = {isa = PBXFileReference; fileEncoding = 4; lastKnownFileType = sourcecode.c.h; path = Constants.h; sourceTree = "<group>"; };
		BE96F7561683F3B00080C42A /* Constants.m */ = {isa = PBXFileReference; fileEncoding = 4; lastKnownFileType = sourcecode.c.objc; path = Constants.m; sourceTree = "<group>"; };
		BEDCC66416A1DE5F0023B015 /* PSTCollectionView.h */ = {isa = PBXFileReference; fileEncoding = 4; lastKnownFileType = sourcecode.c.h; path = PSTCollectionView.h; sourceTree = "<group>"; };
		BEDCC66516A1DE5F0023B015 /* PSTCollectionView.m */ = {isa = PBXFileReference; fileEncoding = 4; lastKnownFileType = sourcecode.c.objc; path = PSTCollectionView.m; sourceTree = "<group>"; };
		BEDCC66616A1DE5F0023B015 /* PSTCollectionViewCell.h */ = {isa = PBXFileReference; fileEncoding = 4; lastKnownFileType = sourcecode.c.h; path = PSTCollectionViewCell.h; sourceTree = "<group>"; };
		BEDCC66716A1DE5F0023B015 /* PSTCollectionViewCell.m */ = {isa = PBXFileReference; fileEncoding = 4; lastKnownFileType = sourcecode.c.objc; path = PSTCollectionViewCell.m; sourceTree = "<group>"; };
		BEDCC66816A1DE5F0023B015 /* PSTCollectionViewCommon.h */ = {isa = PBXFileReference; fileEncoding = 4; lastKnownFileType = sourcecode.c.h; path = PSTCollectionViewCommon.h; sourceTree = "<group>"; };
		BEDCC66916A1DE5F0023B015 /* PSTCollectionViewController.h */ = {isa = PBXFileReference; fileEncoding = 4; lastKnownFileType = sourcecode.c.h; path = PSTCollectionViewController.h; sourceTree = "<group>"; };
		BEDCC66A16A1DE5F0023B015 /* PSTCollectionViewController.m */ = {isa = PBXFileReference; fileEncoding = 4; lastKnownFileType = sourcecode.c.objc; path = PSTCollectionViewController.m; sourceTree = "<group>"; };
		BEDCC66B16A1DE5F0023B015 /* PSTCollectionViewData.h */ = {isa = PBXFileReference; fileEncoding = 4; lastKnownFileType = sourcecode.c.h; path = PSTCollectionViewData.h; sourceTree = "<group>"; };
		BEDCC66C16A1DE5F0023B015 /* PSTCollectionViewData.m */ = {isa = PBXFileReference; fileEncoding = 4; lastKnownFileType = sourcecode.c.objc; path = PSTCollectionViewData.m; sourceTree = "<group>"; };
		BEDCC66D16A1DE5F0023B015 /* PSTCollectionViewFlowLayout.h */ = {isa = PBXFileReference; fileEncoding = 4; lastKnownFileType = sourcecode.c.h; path = PSTCollectionViewFlowLayout.h; sourceTree = "<group>"; };
		BEDCC66E16A1DE5F0023B015 /* PSTCollectionViewFlowLayout.m */ = {isa = PBXFileReference; fileEncoding = 4; lastKnownFileType = sourcecode.c.objc; path = PSTCollectionViewFlowLayout.m; sourceTree = "<group>"; };
		BEDCC66F16A1DE5F0023B015 /* PSTCollectionViewItemKey.h */ = {isa = PBXFileReference; fileEncoding = 4; lastKnownFileType = sourcecode.c.h; path = PSTCollectionViewItemKey.h; sourceTree = "<group>"; };
		BEDCC67016A1DE5F0023B015 /* PSTCollectionViewItemKey.m */ = {isa = PBXFileReference; fileEncoding = 4; lastKnownFileType = sourcecode.c.objc; path = PSTCollectionViewItemKey.m; sourceTree = "<group>"; };
		BEDCC67116A1DE5F0023B015 /* PSTCollectionViewLayout.h */ = {isa = PBXFileReference; fileEncoding = 4; lastKnownFileType = sourcecode.c.h; path = PSTCollectionViewLayout.h; sourceTree = "<group>"; };
		BEDCC67216A1DE5F0023B015 /* PSTCollectionViewLayout.m */ = {isa = PBXFileReference; fileEncoding = 4; lastKnownFileType = sourcecode.c.objc; path = PSTCollectionViewLayout.m; sourceTree = "<group>"; };
		BEDCC67316A1DE5F0023B015 /* PSTCollectionViewUpdateItem.h */ = {isa = PBXFileReference; fileEncoding = 4; lastKnownFileType = sourcecode.c.h; path = PSTCollectionViewUpdateItem.h; sourceTree = "<group>"; };
		BEDCC67416A1DE5F0023B015 /* PSTCollectionViewUpdateItem.m */ = {isa = PBXFileReference; fileEncoding = 4; lastKnownFileType = sourcecode.c.objc; path = PSTCollectionViewUpdateItem.m; sourceTree = "<group>"; };
		BEDCC67516A1DE5F0023B015 /* PSTGridLayoutInfo.h */ = {isa = PBXFileReference; fileEncoding = 4; lastKnownFileType = sourcecode.c.h; path = PSTGridLayoutInfo.h; sourceTree = "<group>"; };
		BEDCC67616A1DE5F0023B015 /* PSTGridLayoutInfo.m */ = {isa = PBXFileReference; fileEncoding = 4; lastKnownFileType = sourcecode.c.objc; path = PSTGridLayoutInfo.m; sourceTree = "<group>"; };
		BEDCC67716A1DE5F0023B015 /* PSTGridLayoutItem.h */ = {isa = PBXFileReference; fileEncoding = 4; lastKnownFileType = sourcecode.c.h; path = PSTGridLayoutItem.h; sourceTree = "<group>"; };
		BEDCC67816A1DE5F0023B015 /* PSTGridLayoutItem.m */ = {isa = PBXFileReference; fileEncoding = 4; lastKnownFileType = sourcecode.c.objc; path = PSTGridLayoutItem.m; sourceTree = "<group>"; };
		BEDCC67916A1DE5F0023B015 /* PSTGridLayoutRow.h */ = {isa = PBXFileReference; fileEncoding = 4; lastKnownFileType = sourcecode.c.h; path = PSTGridLayoutRow.h; sourceTree = "<group>"; };
		BEDCC67A16A1DE5F0023B015 /* PSTGridLayoutRow.m */ = {isa = PBXFileReference; fileEncoding = 4; lastKnownFileType = sourcecode.c.objc; path = PSTGridLayoutRow.m; sourceTree = "<group>"; };
		BEDCC67B16A1DE5F0023B015 /* PSTGridLayoutSection.h */ = {isa = PBXFileReference; fileEncoding = 4; lastKnownFileType = sourcecode.c.h; path = PSTGridLayoutSection.h; sourceTree = "<group>"; };
		BEDCC67C16A1DE5F0023B015 /* PSTGridLayoutSection.m */ = {isa = PBXFileReference; fileEncoding = 4; lastKnownFileType = sourcecode.c.objc; path = PSTGridLayoutSection.m; sourceTree = "<group>"; };
/* End PBXFileReference section */

/* Begin PBXFrameworksBuildPhase section */
		BE94E4AE1676AE4C00F0197C /* Frameworks */ = {
			isa = PBXFrameworksBuildPhase;
			buildActionMask = 2147483647;
			files = (
				BE0CFA14168781A2003A9A42 /* QuartzCore.framework in Frameworks */,
				BE94E4B61676AE4C00F0197C /* UIKit.framework in Frameworks */,
				BE94E4B81676AE4C00F0197C /* Foundation.framework in Frameworks */,
				BE94E4BA1676AE4C00F0197C /* CoreGraphics.framework in Frameworks */,
			);
			runOnlyForDeploymentPostprocessing = 0;
		};
/* End PBXFrameworksBuildPhase section */

/* Begin PBXGroup section */
		BE06F0E71691300600384319 /* Icons */ = {
			isa = PBXGroup;
			children = (
				BE06F0E516912FE200384319 /* bnicon.png */,
				BE06F0E316912FDB00384319 /* bnicon copy.png */,
			);
			name = Icons;
			sourceTree = "<group>";
		};
		BE0ADCCF16A1DB49000F3131 /* DejalActivityView */ = {
			isa = PBXGroup;
			children = (
				BE0ADCCC16A1DB45000F3131 /* DejalActivityView.h */,
				BE0ADCCD16A1DB45000F3131 /* DejalActivityView.m */,
			);
			name = DejalActivityView;
			sourceTree = "<group>";
		};
		BE94E4A61676AE4B00F0197C = {
			isa = PBXGroup;
			children = (
				BE94E4BB1676AE4C00F0197C /* HoboNinja */,
				BE94E4B41676AE4C00F0197C /* Frameworks */,
				BE94E4B21676AE4C00F0197C /* Products */,
			);
			sourceTree = "<group>";
		};
		BE94E4B21676AE4C00F0197C /* Products */ = {
			isa = PBXGroup;
			children = (
				BE94E4B11676AE4C00F0197C /* HoboNinja.app */,
			);
			name = Products;
			sourceTree = "<group>";
		};
		BE94E4B41676AE4C00F0197C /* Frameworks */ = {
			isa = PBXGroup;
			children = (
				BEDCC66316A1DE5F0023B015 /* PSTCollectionView */,
				BE0ADCCF16A1DB49000F3131 /* DejalActivityView */,
				BE0CFA13168781A2003A9A42 /* QuartzCore.framework */,
				BE96F7341683F34B0080C42A /* AFNetworking */,
				BE94E4B51676AE4C00F0197C /* UIKit.framework */,
				BE94E4B71676AE4C00F0197C /* Foundation.framework */,
				BE94E4B91676AE4C00F0197C /* CoreGraphics.framework */,
			);
			name = Frameworks;
			sourceTree = "<group>";
		};
		BE94E4BB1676AE4C00F0197C /* HoboNinja */ = {
			isa = PBXGroup;
			children = (
				BE94E4C41676AE4C00F0197C /* AppDelegate.h */,
				BE94E4C51676AE4C00F0197C /* AppDelegate.m */,
				BE96F7551683F3B00080C42A /* Constants.h */,
				BE96F7561683F3B00080C42A /* Constants.m */,
				BE06F0E71691300600384319 /* Icons */,
				BE94E4CD1676AE4C00F0197C /* MainStoryboard.storyboard */,
				BE94E4DE1676C58300F0197C /* ProductCollectionViewCell.h */,
				BE94E4DF1676C58300F0197C /* ProductCollectionViewCell.m */,
				BE94E4DB1676AE9200F0197C /* ProductDetailViewController.h */,
				BE94E4DC1676AE9200F0197C /* ProductDetailViewController.m */,
				BE0CFA0F1687614B003A9A42 /* ProductListFlowLayout.h */,
				BE0CFA101687614B003A9A42 /* ProductListFlowLayout.m */,
				BE94E4D81676AE8600F0197C /* ProductListViewController.h */,
				BE94E4D91676AE8600F0197C /* ProductListViewController.m */,
				BE94E4BC1676AE4C00F0197C /* Supporting Files */,
			);
			name = HoboNinja;
			path = JamminButter;
			sourceTree = "<group>";
		};
		BE94E4BC1676AE4C00F0197C /* Supporting Files */ = {
			isa = PBXGroup;
			children = (
				BE94E4BD1676AE4C00F0197C /* HoboNinja-Info.plist */,
				BE94E4BE1676AE4C00F0197C /* InfoPlist.strings */,
				BE94E4C11676AE4C00F0197C /* main.m */,
				BE94E4C31676AE4C00F0197C /* HoboNinja-Prefix.pch */,
				BE94E4C71676AE4C00F0197C /* Default.png */,
				BE94E4C91676AE4C00F0197C /* Default@2x.png */,
				BE94E4CB1676AE4C00F0197C /* Default-568h@2x.png */,
			);
			name = "Supporting Files";
			sourceTree = "<group>";
		};
		BE96F7341683F34B0080C42A /* AFNetworking */ = {
			isa = PBXGroup;
			children = (
				BE96F7351683F34B0080C42A /* AFHTTPClient.h */,
				BE96F7361683F34B0080C42A /* AFHTTPClient.m */,
				BE96F7371683F34B0080C42A /* AFHTTPRequestOperation.h */,
				BE96F7381683F34B0080C42A /* AFHTTPRequestOperation.m */,
				BE96F7391683F34B0080C42A /* AFImageRequestOperation.h */,
				BE96F73A1683F34B0080C42A /* AFImageRequestOperation.m */,
				BE96F73B1683F34B0080C42A /* AFJSONRequestOperation.h */,
				BE96F73C1683F34B0080C42A /* AFJSONRequestOperation.m */,
				BE96F73D1683F34B0080C42A /* AFJSONUtilities.h */,
				BE96F73E1683F34B0080C42A /* AFJSONUtilities.m */,
				BE96F73F1683F34B0080C42A /* AFNetworkActivityIndicatorManager.h */,
				BE96F7401683F34B0080C42A /* AFNetworkActivityIndicatorManager.m */,
				BE96F7411683F34B0080C42A /* AFNetworking.h */,
				BE96F7421683F34B0080C42A /* AFPropertyListRequestOperation.h */,
				BE96F7431683F34B0080C42A /* AFPropertyListRequestOperation.m */,
				BE96F7441683F34B0080C42A /* AFURLConnectionOperation.h */,
				BE96F7451683F34B0080C42A /* AFURLConnectionOperation.m */,
				BE96F7461683F34B0080C42A /* AFXMLRequestOperation.h */,
				BE96F7471683F34B0080C42A /* AFXMLRequestOperation.m */,
				BE96F7481683F34B0080C42A /* UIImageView+AFNetworking.h */,
				BE96F7491683F34B0080C42A /* UIImageView+AFNetworking.m */,
			);
			path = AFNetworking;
			sourceTree = "<group>";
		};
		BEDCC66316A1DE5F0023B015 /* PSTCollectionView */ = {
			isa = PBXGroup;
			children = (
				BEDCC66416A1DE5F0023B015 /* PSTCollectionView.h */,
				BEDCC66516A1DE5F0023B015 /* PSTCollectionView.m */,
				BEDCC66616A1DE5F0023B015 /* PSTCollectionViewCell.h */,
				BEDCC66716A1DE5F0023B015 /* PSTCollectionViewCell.m */,
				BEDCC66816A1DE5F0023B015 /* PSTCollectionViewCommon.h */,
				BEDCC66916A1DE5F0023B015 /* PSTCollectionViewController.h */,
				BEDCC66A16A1DE5F0023B015 /* PSTCollectionViewController.m */,
				BEDCC66B16A1DE5F0023B015 /* PSTCollectionViewData.h */,
				BEDCC66C16A1DE5F0023B015 /* PSTCollectionViewData.m */,
				BEDCC66D16A1DE5F0023B015 /* PSTCollectionViewFlowLayout.h */,
				BEDCC66E16A1DE5F0023B015 /* PSTCollectionViewFlowLayout.m */,
				BEDCC66F16A1DE5F0023B015 /* PSTCollectionViewItemKey.h */,
				BEDCC67016A1DE5F0023B015 /* PSTCollectionViewItemKey.m */,
				BEDCC67116A1DE5F0023B015 /* PSTCollectionViewLayout.h */,
				BEDCC67216A1DE5F0023B015 /* PSTCollectionViewLayout.m */,
				BEDCC67316A1DE5F0023B015 /* PSTCollectionViewUpdateItem.h */,
				BEDCC67416A1DE5F0023B015 /* PSTCollectionViewUpdateItem.m */,
				BEDCC67516A1DE5F0023B015 /* PSTGridLayoutInfo.h */,
				BEDCC67616A1DE5F0023B015 /* PSTGridLayoutInfo.m */,
				BEDCC67716A1DE5F0023B015 /* PSTGridLayoutItem.h */,
				BEDCC67816A1DE5F0023B015 /* PSTGridLayoutItem.m */,
				BEDCC67916A1DE5F0023B015 /* PSTGridLayoutRow.h */,
				BEDCC67A16A1DE5F0023B015 /* PSTGridLayoutRow.m */,
				BEDCC67B16A1DE5F0023B015 /* PSTGridLayoutSection.h */,
				BEDCC67C16A1DE5F0023B015 /* PSTGridLayoutSection.m */,
			);
			path = PSTCollectionView;
			sourceTree = "<group>";
		};
/* End PBXGroup section */

/* Begin PBXNativeTarget section */
		BE94E4B01676AE4C00F0197C /* HoboNinja */ = {
			isa = PBXNativeTarget;
			buildConfigurationList = BE94E4D51676AE4C00F0197C /* Build configuration list for PBXNativeTarget "HoboNinja" */;
			buildPhases = (
				BE94E4AD1676AE4C00F0197C /* Sources */,
				BE94E4AE1676AE4C00F0197C /* Frameworks */,
				BE94E4AF1676AE4C00F0197C /* Resources */,
			);
			buildRules = (
			);
			dependencies = (
			);
			name = HoboNinja;
			productName = JamminButter;
			productReference = BE94E4B11676AE4C00F0197C /* HoboNinja.app */;
			productType = "com.apple.product-type.application";
		};
/* End PBXNativeTarget section */

/* Begin PBXProject section */
		BE94E4A81676AE4C00F0197C /* Project object */ = {
			isa = PBXProject;
			attributes = {
				LastUpgradeCheck = 0450;
				ORGANIZATIONNAME = "Will Chilcutt";
			};
			buildConfigurationList = BE94E4AB1676AE4C00F0197C /* Build configuration list for PBXProject "HoboNinja" */;
			compatibilityVersion = "Xcode 3.2";
			developmentRegion = English;
			hasScannedForEncodings = 0;
			knownRegions = (
				en,
			);
			mainGroup = BE94E4A61676AE4B00F0197C;
			productRefGroup = BE94E4B21676AE4C00F0197C /* Products */;
			projectDirPath = "";
			projectRoot = "";
			targets = (
				BE94E4B01676AE4C00F0197C /* HoboNinja */,
			);
		};
/* End PBXProject section */

/* Begin PBXResourcesBuildPhase section */
		BE94E4AF1676AE4C00F0197C /* Resources */ = {
			isa = PBXResourcesBuildPhase;
			buildActionMask = 2147483647;
			files = (
				BE94E4C01676AE4C00F0197C /* InfoPlist.strings in Resources */,
				BE94E4C81676AE4C00F0197C /* Default.png in Resources */,
				BE94E4CA1676AE4C00F0197C /* Default@2x.png in Resources */,
				BE94E4CC1676AE4C00F0197C /* Default-568h@2x.png in Resources */,
				BE94E4CF1676AE4C00F0197C /* MainStoryboard.storyboard in Resources */,
				BE06F0E416912FDB00384319 /* bnicon copy.png in Resources */,
				BE06F0E616912FE200384319 /* bnicon.png in Resources */,
			);
			runOnlyForDeploymentPostprocessing = 0;
		};
/* End PBXResourcesBuildPhase section */

/* Begin PBXSourcesBuildPhase section */
		BE94E4AD1676AE4C00F0197C /* Sources */ = {
			isa = PBXSourcesBuildPhase;
			buildActionMask = 2147483647;
			files = (
				BEDCC68A16A1DF600023B015 /* DejalActivityView.m in Sources */,
				BE94E4C21676AE4C00F0197C /* main.m in Sources */,
				BE94E4C61676AE4C00F0197C /* AppDelegate.m in Sources */,
				BE94E4DA1676AE8600F0197C /* ProductListViewController.m in Sources */,
				BE94E4DD1676AE9200F0197C /* ProductDetailViewController.m in Sources */,
				BE94E4E01676C58300F0197C /* ProductCollectionViewCell.m in Sources */,
				BE96F74A1683F34B0080C42A /* AFHTTPClient.m in Sources */,
				BE96F74B1683F34B0080C42A /* AFHTTPRequestOperation.m in Sources */,
				BE96F74C1683F34B0080C42A /* AFImageRequestOperation.m in Sources */,
				BE96F74D1683F34B0080C42A /* AFJSONRequestOperation.m in Sources */,
				BE96F74E1683F34B0080C42A /* AFJSONUtilities.m in Sources */,
				BE96F74F1683F34B0080C42A /* AFNetworkActivityIndicatorManager.m in Sources */,
				BE96F7501683F34B0080C42A /* AFPropertyListRequestOperation.m in Sources */,
				BE96F7511683F34B0080C42A /* AFURLConnectionOperation.m in Sources */,
				BE96F7521683F34B0080C42A /* AFXMLRequestOperation.m in Sources */,
				BE96F7531683F34B0080C42A /* UIImageView+AFNetworking.m in Sources */,
				BE96F7571683F3B00080C42A /* Constants.m in Sources */,
				BE0CFA111687614B003A9A42 /* ProductListFlowLayout.m in Sources */,
				BEDCC67D16A1DE5F0023B015 /* PSTCollectionView.m in Sources */,
				BEDCC67E16A1DE5F0023B015 /* PSTCollectionViewCell.m in Sources */,
				BEDCC67F16A1DE5F0023B015 /* PSTCollectionViewController.m in Sources */,
				BEDCC68016A1DE5F0023B015 /* PSTCollectionViewData.m in Sources */,
				BEDCC68116A1DE5F0023B015 /* PSTCollectionViewFlowLayout.m in Sources */,
				BEDCC68216A1DE5F0023B015 /* PSTCollectionViewItemKey.m in Sources */,
				BEDCC68316A1DE5F0023B015 /* PSTCollectionViewLayout.m in Sources */,
				BEDCC68416A1DE5F0023B015 /* PSTCollectionViewUpdateItem.m in Sources */,
				BEDCC68516A1DE5F0023B015 /* PSTGridLayoutInfo.m in Sources */,
				BEDCC68616A1DE5F0023B015 /* PSTGridLayoutItem.m in Sources */,
				BEDCC68716A1DE5F0023B015 /* PSTGridLayoutRow.m in Sources */,
				BEDCC68816A1DE5F0023B015 /* PSTGridLayoutSection.m in Sources */,
			);
			runOnlyForDeploymentPostprocessing = 0;
		};
/* End PBXSourcesBuildPhase section */

/* Begin PBXVariantGroup section */
		BE94E4BE1676AE4C00F0197C /* InfoPlist.strings */ = {
			isa = PBXVariantGroup;
			children = (
				BE94E4BF1676AE4C00F0197C /* en */,
			);
			name = InfoPlist.strings;
			sourceTree = "<group>";
		};
		BE94E4CD1676AE4C00F0197C /* MainStoryboard.storyboard */ = {
			isa = PBXVariantGroup;
			children = (
				BE94E4CE1676AE4C00F0197C /* en */,
			);
			name = MainStoryboard.storyboard;
			sourceTree = "<group>";
		};
/* End PBXVariantGroup section */

/* Begin XCBuildConfiguration section */
		BE94E4D31676AE4C00F0197C /* Debug */ = {
			isa = XCBuildConfiguration;
			buildSettings = {
				ALWAYS_SEARCH_USER_PATHS = NO;
				CLANG_CXX_LANGUAGE_STANDARD = "gnu++0x";
				CLANG_CXX_LIBRARY = "libc++";
				CLANG_ENABLE_OBJC_ARC = YES;
				CLANG_WARN_EMPTY_BODY = YES;
				CLANG_WARN__DUPLICATE_METHOD_MATCH = YES;
				"CODE_SIGN_IDENTITY[sdk=iphoneos*]" = "iPhone Developer";
				COPY_PHASE_STRIP = NO;
				GCC_C_LANGUAGE_STANDARD = gnu99;
				GCC_DYNAMIC_NO_PIC = NO;
				GCC_OPTIMIZATION_LEVEL = 0;
				GCC_PREPROCESSOR_DEFINITIONS = (
					"DEBUG=1",
					"$(inherited)",
				);
				GCC_SYMBOLS_PRIVATE_EXTERN = NO;
				GCC_WARN_ABOUT_RETURN_TYPE = YES;
				GCC_WARN_UNINITIALIZED_AUTOS = YES;
				GCC_WARN_UNUSED_VARIABLE = YES;
				IPHONEOS_DEPLOYMENT_TARGET = 6.0;
				SDKROOT = iphoneos;
			};
			name = Debug;
		};
		BE94E4D41676AE4C00F0197C /* Release */ = {
			isa = XCBuildConfiguration;
			buildSettings = {
				ALWAYS_SEARCH_USER_PATHS = NO;
				CLANG_CXX_LANGUAGE_STANDARD = "gnu++0x";
				CLANG_CXX_LIBRARY = "libc++";
				CLANG_ENABLE_OBJC_ARC = YES;
				CLANG_WARN_EMPTY_BODY = YES;
				CLANG_WARN__DUPLICATE_METHOD_MATCH = YES;
				"CODE_SIGN_IDENTITY[sdk=iphoneos*]" = "iPhone Developer";
				COPY_PHASE_STRIP = YES;
				GCC_C_LANGUAGE_STANDARD = gnu99;
				GCC_WARN_ABOUT_RETURN_TYPE = YES;
				GCC_WARN_UNINITIALIZED_AUTOS = YES;
				GCC_WARN_UNUSED_VARIABLE = YES;
				IPHONEOS_DEPLOYMENT_TARGET = 6.0;
				OTHER_CFLAGS = "-DNS_BLOCK_ASSERTIONS=1";
				SDKROOT = iphoneos;
				VALIDATE_PRODUCT = YES;
			};
			name = Release;
		};
		BE94E4D61676AE4C00F0197C /* Debug */ = {
			isa = XCBuildConfiguration;
			buildSettings = {
				"CODE_SIGN_IDENTITY[sdk=iphoneos*]" = "iPhone Developer";
				GCC_PRECOMPILE_PREFIX_HEADER = YES;
				GCC_PREFIX_HEADER = "JamminButter/HoboNinja-Prefix.pch";
				INFOPLIST_FILE = "JamminButter/HoboNinja-Info.plist";
				IPHONEOS_DEPLOYMENT_TARGET = 5.0;
				PRODUCT_NAME = HoboNinja;
				"PROVISIONING_PROFILE[sdk=iphoneos*]" = "";
				WRAPPER_EXTENSION = app;
			};
			name = Debug;
		};
		BE94E4D71676AE4C00F0197C /* Release */ = {
			isa = XCBuildConfiguration;
			buildSettings = {
				CODE_SIGN_IDENTITY = "iPhone Distribution: John Chilcutt";
				"CODE_SIGN_IDENTITY[sdk=iphoneos*]" = "iPhone Distribution: John Chilcutt";
				GCC_PRECOMPILE_PREFIX_HEADER = YES;
				GCC_PREFIX_HEADER = "JamminButter/HoboNinja-Prefix.pch";
				INFOPLIST_FILE = "JamminButter/HoboNinja-Info.plist";
				IPHONEOS_DEPLOYMENT_TARGET = 5.0;
				PRODUCT_NAME = HoboNinja;
				PROVISIONING_PROFILE = "17B721BB-E3A0-4BAC-AC1D-26AFF05405CF";
				"PROVISIONING_PROFILE[sdk=iphoneos*]" = "17B721BB-E3A0-4BAC-AC1D-26AFF05405CF";
				WRAPPER_EXTENSION = app;
			};
			name = Release;
		};
/* End XCBuildConfiguration section */

/* Begin XCConfigurationList section */
		BE94E4AB1676AE4C00F0197C /* Build configuration list for PBXProject "HoboNinja" */ = {
			isa = XCConfigurationList;
			buildConfigurations = (
				BE94E4D31676AE4C00F0197C /* Debug */,
				BE94E4D41676AE4C00F0197C /* Release */,
			);
			defaultConfigurationIsVisible = 0;
			defaultConfigurationName = Release;
		};
		BE94E4D51676AE4C00F0197C /* Build configuration list for PBXNativeTarget "HoboNinja" */ = {
			isa = XCConfigurationList;
			buildConfigurations = (
				BE94E4D61676AE4C00F0197C /* Debug */,
				BE94E4D71676AE4C00F0197C /* Release */,
			);
			defaultConfigurationIsVisible = 0;
			defaultConfigurationName = Release;
		};
/* End XCConfigurationList section */
	};
	rootObject = BE94E4A81676AE4C00F0197C /* Project object */;
}
